<?xml version="1.0" encoding="utf-8"?>
<Project ToolsVersion="4.0" xmlns="http://schemas.microsoft.com/developer/msbuild/2003">
  <ItemGroup>
    <Filter Include="Source Files">
      <UniqueIdentifier>{4FC737F1-C7A5-4376-A066-2A32D752A2FF}</UniqueIdentifier>
      <Extensions>cpp;c;cc;cxx;def;odl;idl;hpj;bat;asm;asmx</Extensions>
    </Filter>
    <Filter Include="Header Files">
      <UniqueIdentifier>{93995380-89BD-4b04-88EB-625FBE52EBFB}</UniqueIdentifier>
      <Extensions>h;hh;hpp;hxx;hm;inl;inc;xsd</Extensions>
    </Filter>
    <Filter Include="Resource Files">
      <UniqueIdentifier>{67DA6AB6-F800-4c08-8B7A-83BB121AAD01}</UniqueIdentifier>
      <Extensions>rc;ico;cur;bmp;dlg;rc2;rct;bin;rgs;gif;jpg;jpeg;jpe;resx;tiff;tif;png;wav;mfcribbon-ms</Extensions>
    </Filter>
  </ItemGroup>
  <ItemGroup>
    <ClInclude Include="stdafx.h">
      <Filter>Header Files</Filter>
    </ClInclude>
    <ClInclude Include="targetver.h">
      <Filter>Header Files</Filter>
    </ClInclude>
  </ItemGroup>
  <ItemGroup>
    <ClCompile Include="stdafx.cpp">
      <Filter>Source Files</Filter>
    </ClCompile>
    <!-- PKB TEST CPP -->
    <ClCompile Include="PKB/TestAssign.cpp">
      <Filter>Source Files</Filter>
    </ClCompile>
    <ClCompile Include="PKB/TestConstant.cpp">
      <Filter>Source Files</Filter>
    </ClCompile>
    <ClCompile Include="PKB/TestContainerIf.cpp">
      <Filter>Source Files</Filter>
    </ClCompile>
    <ClCompile Include="PKB/TestContainerWhile.cpp">
      <Filter>Source Files</Filter>
    </ClCompile>
    <ClCompile Include="PKB/TestPattern.cpp">
      <Filter>Source Files</Filter>
    </ClCompile>
    <ClCompile Include="PKB/TestPrint.cpp">
      <Filter>Source Files</Filter>
    </ClCompile>
    <ClCompile Include="PKB/TestProcedure.cpp">
      <Filter>Source Files</Filter>
    </ClCompile>
    <ClCompile Include="PKB/TestProcCall.cpp">
      <Filter>Source Files</Filter>
    </ClCompile>
    <ClCompile Include="PKB/TestStatement.cpp">
      <Filter>Source Files</Filter>
    </ClCompile>
    <ClCompile Include="PKB/TestRead.cpp">
      <Filter>Source Files</Filter>
    </ClCompile>
    <ClCompile Include="PKB/TestVariable.cpp">
      <Filter>Source Files</Filter>
    </ClCompile>
    <ClCompile Include="PKB/TestCallRel.cpp">
      <Filter>Source Files</Filter>
    </ClCompile>
    <ClCompile Include="PKB/TestCallsT.cpp">
      <Filter>Source Files</Filter>
    </ClCompile>
    <ClCompile Include="PKB/TestFollows.cpp">
      <Filter>Source Files</Filter>
    </ClCompile>
    <ClCompile Include="PKB/TestFollowsT.cpp">
      <Filter>Source Files</Filter>
    </ClCompile>
    <ClCompile Include="PKB/TestParent.cpp">
      <Filter>Source Files</Filter>
    </ClCompile>
    <ClCompile Include="PKB/TestParentT.cpp">
      <Filter>Source Files</Filter>
    </ClCompile>
    <ClCompile Include="PKB/TestUsesS.cpp">
      <Filter>Source Files</Filter>
    </ClCompile>
    <ClCompile Include="PKB/TestUsesP.cpp">
      <Filter>Source Files</Filter>
    </ClCompile>
    <ClCompile Include="PKB/TestModifiesS.cpp">
      <Filter>Source Files</Filter>
    </ClCompile>
    <ClCompile Include="PKB/TestModifiesP.cpp">
      <Filter>Source Files</Filter>
    </ClCompile>
    <ClCompile Include="PKB/TestNext.cpp">
      <Filter>Source Files</Filter>
    </ClCompile>
    <!-- QPS TEST CPP -->
    <ClCompile Include="QPS/TestPQLParser.cpp">
      <Filter>Source Files</Filter>
    </ClCompile>
    <ClCompile Include="QPS/TestModifiesSEvaluator.cpp">
      <Filter>Source Files</Filter>
    </ClCompile>
    <ClCompile Include="QPS/TestResultProjector.cpp">
      <Filter>Source Files</Filter>
    </ClCompile>
    <ClCompile Include="QPS/TestUsesSEvaluator.cpp">
      <Filter>Source Files</Filter>
    </ClCompile>
    <ClCompile Include="QPS\TestPQLPattern.cpp">
      <Filter>Source Files</Filter>
    </ClCompile>
    <ClCompile Include="QPS\TestPQLRelationship.cpp">
      <Filter>Source Files</Filter>
    </ClCompile>
    <ClCompile Include="QPS\TestPatternAEvaluator.cpp">
      <Filter>Source Files</Filter>
    </ClCompile>
    <ClCompile Include="QPS\TestWithEvaluator.cpp">
      <Filter>Source Files</Filter>
    </ClCompile>
    <ClCompile Include="QPS\TestCallsEvaluator.cpp">
      <Filter>Source Files</Filter>
    </ClCompile>
    <ClCompile Include="QPS\TestCallsTEvaluator.cpp">
      <Filter>Source Files</Filter>
    </ClCompile>
    <ClCompile Include="QPS\TestNextEvaluator.cpp">
      <Filter>Source Files</Filter>
    </ClCompile>
    <ClCompile Include="QPS\TestNextTEvaluator.cpp">
      <Filter>Source Files</Filter>
    </ClCompile>
    <ClCompile Include="QPS\TestPatternIEvaluator.cpp">
      <Filter>Source Files</Filter>
    </ClCompile>
    <ClCompile Include="QPS\TestPatternWEvaluator.cpp">
      <Filter>Source Files</Filter>
    </ClCompile>
    <!-- SP TEST CPP -->
    <ClCompile Include="SP/TestASTGenerator.cpp">
      <Filter>Source Files</Filter>
    </ClCompile>
    <ClCompile Include="SP/TestCallsExtractor.cpp">
      <Filter>Source Files</Filter>
    </ClCompile>
    <ClCompile Include="SP/TestNextExtractor.cpp">
      <Filter>Source Files</Filter>
    </ClCompile>
    <ClCompile Include="QPS\TestModifiesPEvaluator.cpp">
      <Filter>Source Files</Filter>
    </ClCompile>
    <ClCompile Include="QPS\TestUsesPEvaluator.cpp">
      <Filter>Source Files</Filter>
    </ClCompile>
    <ClCompile Include="QPS\TestFPEvaluator.cpp">
      <Filter>Source Files</Filter>
    </ClCompile>
    <ClCompile Include="QPS\TestFollowsEvaluator.cpp">
      <Filter>Source Files</Filter>
    </ClCompile>
    <ClCompile Include="QPS\TestFollowsTEvaluator.cpp">
      <Filter>Source Files</Filter>
    </ClCompile>
    <ClCompile Include="QPS\TestParentEvaluator.cpp">
      <Filter>Source Files</Filter>
    </ClCompile>
    <ClCompile Include="QPS\TestParentTEvaluator.cpp">
      <Filter>Source Files</Filter>
    </ClCompile>
	<ClCompile Include="QPS\TestAffectsTEvaluator.cpp">
		<Filter>Source Files</Filter>
	</ClCompile>
	<ClCompile Include="QPS\TestAffectsEvaluator.cpp">
		<Filter>Source Files</Filter>
	</ClCompile>
	<ClCompile Include="SP/TestExtractorUtils.cpp">
		<Filter>Source Files</Filter>
	</ClCompile>
	<!-- Common TEST CPP -->
	<ClCompile Include="Common/TestExpressionParser.cpp">
		<Filter>Source Files</Filter>
	</ClCompile>
  </ItemGroup>
</Project>